
Microsoft Visual Studio Solution File, Format Version 12.00
# Visual Studio Version 17
VisualStudioVersion = 17.6.33815.320
MinimumVisualStudioVersion = 10.0.40219.1
Project("{FAE04EC0-301F-11D3-BF4B-00C04F79EFBC}") = "AverySecretProject", "AverySecretProject.csproj", "{200BBDBF-563F-4603-8A26-35C1D46B979F}"
EndProject
Global
	GlobalSection(SolutionConfigurationPlatforms) = preSolution
		Debug|Any CPU = Debug|Any CPU
		Release|Any CPU = Release|Any CPU
	EndGlobalSection
	GlobalSection(ProjectConfigurationPlatforms) = postSolution
		{200BBDBF-563F-4603-8A26-35C1D46B979F}.Debug|Any CPU.ActiveCfg = Debug|Any CPU
		{200BBDBF-563F-4603-8A26-35C1D46B979F}.Debug|Any CPU.Build.0 = Debug|Any CPU
		{200BBDBF-563F-4603-8A26-35C1D46B979F}.Release|Any CPU.ActiveCfg = Release|Any CPU
		{200BBDBF-563F-4603-8A26-35C1D46B979F}.Release|Any CPU.Build.0 = Release|Any CPU
	EndGlobalSection
	GlobalSection(SolutionProperties) = preSolution
		HideSolutionNode = FALSE
	EndGlobalSection
	GlobalSection(ExtensibilityGlobals) = postSolution
		SolutionGuid = {4E17B2A0-156D-42DF-B7F2-2A7C075BC669}
	EndGlobalSection
EndGlobal
